{
  "version": 4,
  "terraform_version": "1.1.5",
  "serial": 592,
  "lineage": "0bfffdc6-b883-c815-cd57-66c245cbca20",
  "outputs": {},
  "resources": [
    {
      "mode": "managed",
      "type": "azurerm_linux_virtual_machine",
      "name": "myVMEnv",
      "provider": "provider[\"registry.terraform.io/hashicorp/azurerm\"]",
      "instances": [
        {
          "index_key": 0,
          "schema_version": 0,
          "attributes": {
            "additional_capabilities": [],
            "admin_password": null,
            "admin_ssh_key": [
              {
                "public_key": "ssh-rsa AAAAB3NzaC1yc2EAAAADAQABAAABgQC4MaHUBkY3uDjsTR1jNAWMgzh8uWAyxwfINpqGrg6sIgMJbwFI6XYfZ9zYthOQBPFfHuvl13SI6QhbPLf02o5tbViv2G2/b2NS26L7taSMsVmgqJyn6HRj74S/ESGwmVxSqcio83N02lS5VG/y04qRe7bFv8CJJsH+OZjtE7dhG2AkwwS8L6ed8fq6lpQosZpqKl6oH2S2QpXMhsuphdcNqtdkTty+7lOTMB4Dd8mDbq82E5+PNekIet/80OSe/qwwdq54h5i9zlc659DSWryz37xZTN32+ufzuKExcPCeICqA05zQTwBH70MbwJz1QOrTMwzNKahCivk5EXfvUIn6mRckQVhe+eJyXRgGmVDhCaXviRCuAx2WRwpIM9xa8IabzkZUhJymUN028yMbtsmUrzolcug2eUkENx/Rj/G75NMJyqcqWsrvAS+KLW8oNdlLEtWmkx9Rt3gy8f8tRA4GTKfhAbGNyQv9mrXb7GE5NED3cRbFAR305my+c4oUZ6E= marcosmorenotorres@MacBook-Pro-de-administrador.local\n",
                "username": "executor"
              }
            ],
            "admin_username": "executor",
            "allow_extension_operations": true,
            "availability_set_id": "",
            "boot_diagnostics": [
              {
                "storage_account_uri": "https://unirmarcosaccount.blob.core.windows.net/"
              }
            ],
            "computer_name": "terraformvm-kubemaster",
            "custom_data": null,
            "dedicated_host_id": "",
            "disable_password_authentication": true,
            "encryption_at_host_enabled": false,
            "eviction_policy": "",
            "extensions_time_budget": "PT1H30M",
            "id": "/subscriptions/d6514c93-7b37-4e5a-95af-8f380db81fc3/resourceGroups/kubernetes_rg/providers/Microsoft.Compute/virtualMachines/terraformvm-kubemaster",
            "identity": [],
            "location": "westeurope",
            "max_bid_price": -1,
            "name": "terraformvm-kubemaster",
            "network_interface_ids": [
              "/subscriptions/d6514c93-7b37-4e5a-95af-8f380db81fc3/resourceGroups/kubernetes_rg/providers/Microsoft.Network/networkInterfaces/nic-kubemaster"
            ],
            "os_disk": [
              {
                "caching": "ReadWrite",
                "diff_disk_settings": [],
                "disk_encryption_set_id": "",
                "disk_size_gb": 30,
                "name": "terraformvm-kubemaster_OsDisk_1_4d7cc54d743f4bf6b9b4dafbb573425d",
                "storage_account_type": "Standard_LRS",
                "write_accelerator_enabled": false
              }
            ],
            "plan": [
              {
                "name": "centos-8-stream-free",
                "product": "centos-8-stream-free",
                "publisher": "cognosys"
              }
            ],
            "priority": "Regular",
            "private_ip_address": "192.168.1.110",
            "private_ip_addresses": [
              "192.168.1.110"
            ],
            "provision_vm_agent": true,
            "proximity_placement_group_id": "",
            "public_ip_address": "20.126.154.0",
            "public_ip_addresses": [
              "20.126.154.0"
            ],
            "resource_group_name": "kubernetes_rg",
            "secret": [],
            "size": "Standard_D1_v2",
            "source_image_id": "",
            "source_image_reference": [
              {
                "offer": "centos-8-stream-free",
                "publisher": "cognosys",
                "sku": "centos-8-stream-free",
                "version": "1.2019.0810"
              }
            ],
            "tags": {
              "environment": "CP2"
            },
            "timeouts": null,
            "virtual_machine_id": "6386c57c-de9d-4890-b8c1-2aa6964c31d9",
            "virtual_machine_scale_set_id": "",
            "zone": ""
          },
          "sensitive_attributes": [],
          "private": "eyJlMmJmYjczMC1lY2FhLTExZTYtOGY4OC0zNDM2M2JjN2M0YzAiOnsiY3JlYXRlIjoyNzAwMDAwMDAwMDAwLCJkZWxldGUiOjI3MDAwMDAwMDAwMDAsInJlYWQiOjMwMDAwMDAwMDAwMCwidXBkYXRlIjoyNzAwMDAwMDAwMDAwfX0=",
          "dependencies": [
            "azurerm_network_interface.myNic",
            "azurerm_public_ip.myPublicIp",
            "azurerm_resource_group.rg",
            "azurerm_storage_account.unirmarcosaccount",
            "azurerm_subnet.mySubnet",
            "azurerm_virtual_network.myNet"
          ]
        },
        {
          "index_key": 1,
          "schema_version": 0,
          "attributes": {
            "additional_capabilities": [],
            "admin_password": null,
            "admin_ssh_key": [
              {
                "public_key": "ssh-rsa AAAAB3NzaC1yc2EAAAADAQABAAABgQC4MaHUBkY3uDjsTR1jNAWMgzh8uWAyxwfINpqGrg6sIgMJbwFI6XYfZ9zYthOQBPFfHuvl13SI6QhbPLf02o5tbViv2G2/b2NS26L7taSMsVmgqJyn6HRj74S/ESGwmVxSqcio83N02lS5VG/y04qRe7bFv8CJJsH+OZjtE7dhG2AkwwS8L6ed8fq6lpQosZpqKl6oH2S2QpXMhsuphdcNqtdkTty+7lOTMB4Dd8mDbq82E5+PNekIet/80OSe/qwwdq54h5i9zlc659DSWryz37xZTN32+ufzuKExcPCeICqA05zQTwBH70MbwJz1QOrTMwzNKahCivk5EXfvUIn6mRckQVhe+eJyXRgGmVDhCaXviRCuAx2WRwpIM9xa8IabzkZUhJymUN028yMbtsmUrzolcug2eUkENx/Rj/G75NMJyqcqWsrvAS+KLW8oNdlLEtWmkx9Rt3gy8f8tRA4GTKfhAbGNyQv9mrXb7GE5NED3cRbFAR305my+c4oUZ6E= marcosmorenotorres@MacBook-Pro-de-administrador.local\n",
                "username": "executor"
              }
            ],
            "admin_username": "executor",
            "allow_extension_operations": true,
            "availability_set_id": "",
            "boot_diagnostics": [
              {
                "storage_account_uri": "https://unirmarcosaccount.blob.core.windows.net/"
              }
            ],
            "computer_name": "terraformvm-kubenode1",
            "custom_data": null,
            "dedicated_host_id": "",
            "disable_password_authentication": true,
            "encryption_at_host_enabled": false,
            "eviction_policy": "",
            "extensions_time_budget": "PT1H30M",
            "id": "/subscriptions/d6514c93-7b37-4e5a-95af-8f380db81fc3/resourceGroups/kubernetes_rg/providers/Microsoft.Compute/virtualMachines/terraformvm-kubenode1",
            "identity": [],
            "location": "westeurope",
            "max_bid_price": -1,
            "name": "terraformvm-kubenode1",
            "network_interface_ids": [
              "/subscriptions/d6514c93-7b37-4e5a-95af-8f380db81fc3/resourceGroups/kubernetes_rg/providers/Microsoft.Network/networkInterfaces/nic-kubenode1"
            ],
            "os_disk": [
              {
                "caching": "ReadWrite",
                "diff_disk_settings": [],
                "disk_encryption_set_id": "",
                "disk_size_gb": 30,
                "name": "terraformvm-kubenode1_OsDisk_1_077397ca8385482b854c3bd249f0023d",
                "storage_account_type": "Standard_LRS",
                "write_accelerator_enabled": false
              }
            ],
            "plan": [
              {
                "name": "centos-8-stream-free",
                "product": "centos-8-stream-free",
                "publisher": "cognosys"
              }
            ],
            "priority": "Regular",
            "private_ip_address": "192.168.1.111",
            "private_ip_addresses": [
              "192.168.1.111"
            ],
            "provision_vm_agent": true,
            "proximity_placement_group_id": "",
            "public_ip_address": "20.126.108.34",
            "public_ip_addresses": [
              "20.126.108.34"
            ],
            "resource_group_name": "kubernetes_rg",
            "secret": [],
            "size": "Standard_D1_v2",
            "source_image_id": "",
            "source_image_reference": [
              {
                "offer": "centos-8-stream-free",
                "publisher": "cognosys",
                "sku": "centos-8-stream-free",
                "version": "1.2019.0810"
              }
            ],
            "tags": {
              "environment": "CP2"
            },
            "timeouts": null,
            "virtual_machine_id": "a0b2c716-1c7d-4839-ad8b-144a7851c66c",
            "virtual_machine_scale_set_id": "",
            "zone": ""
          },
          "sensitive_attributes": [],
          "private": "eyJlMmJmYjczMC1lY2FhLTExZTYtOGY4OC0zNDM2M2JjN2M0YzAiOnsiY3JlYXRlIjoyNzAwMDAwMDAwMDAwLCJkZWxldGUiOjI3MDAwMDAwMDAwMDAsInJlYWQiOjMwMDAwMDAwMDAwMCwidXBkYXRlIjoyNzAwMDAwMDAwMDAwfX0=",
          "dependencies": [
            "azurerm_network_interface.myNic",
            "azurerm_public_ip.myPublicIp",
            "azurerm_resource_group.rg",
            "azurerm_storage_account.unirmarcosaccount",
            "azurerm_subnet.mySubnet",
            "azurerm_virtual_network.myNet"
          ]
        },
        {
          "index_key": 2,
          "schema_version": 0,
          "attributes": {
            "additional_capabilities": [],
            "admin_password": null,
            "admin_ssh_key": [
              {
                "public_key": "ssh-rsa AAAAB3NzaC1yc2EAAAADAQABAAABgQC4MaHUBkY3uDjsTR1jNAWMgzh8uWAyxwfINpqGrg6sIgMJbwFI6XYfZ9zYthOQBPFfHuvl13SI6QhbPLf02o5tbViv2G2/b2NS26L7taSMsVmgqJyn6HRj74S/ESGwmVxSqcio83N02lS5VG/y04qRe7bFv8CJJsH+OZjtE7dhG2AkwwS8L6ed8fq6lpQosZpqKl6oH2S2QpXMhsuphdcNqtdkTty+7lOTMB4Dd8mDbq82E5+PNekIet/80OSe/qwwdq54h5i9zlc659DSWryz37xZTN32+ufzuKExcPCeICqA05zQTwBH70MbwJz1QOrTMwzNKahCivk5EXfvUIn6mRckQVhe+eJyXRgGmVDhCaXviRCuAx2WRwpIM9xa8IabzkZUhJymUN028yMbtsmUrzolcug2eUkENx/Rj/G75NMJyqcqWsrvAS+KLW8oNdlLEtWmkx9Rt3gy8f8tRA4GTKfhAbGNyQv9mrXb7GE5NED3cRbFAR305my+c4oUZ6E= marcosmorenotorres@MacBook-Pro-de-administrador.local\n",
                "username": "executor"
              }
            ],
            "admin_username": "executor",
            "allow_extension_operations": true,
            "availability_set_id": "",
            "boot_diagnostics": [
              {
                "storage_account_uri": "https://unirmarcosaccount.blob.core.windows.net/"
              }
            ],
            "computer_name": "terraformvm-kubenode2",
            "custom_data": null,
            "dedicated_host_id": "",
            "disable_password_authentication": true,
            "encryption_at_host_enabled": false,
            "eviction_policy": "",
            "extensions_time_budget": "PT1H30M",
            "id": "/subscriptions/d6514c93-7b37-4e5a-95af-8f380db81fc3/resourceGroups/kubernetes_rg/providers/Microsoft.Compute/virtualMachines/terraformvm-kubenode2",
            "identity": [],
            "location": "westeurope",
            "max_bid_price": -1,
            "name": "terraformvm-kubenode2",
            "network_interface_ids": [
              "/subscriptions/d6514c93-7b37-4e5a-95af-8f380db81fc3/resourceGroups/kubernetes_rg/providers/Microsoft.Network/networkInterfaces/nic-kubenode2"
            ],
            "os_disk": [
              {
                "caching": "ReadWrite",
                "diff_disk_settings": [],
                "disk_encryption_set_id": "",
                "disk_size_gb": 30,
                "name": "terraformvm-kubenode2_OsDisk_1_82e6e05c4e4e4d67bd9ae7ca7d21515c",
                "storage_account_type": "Standard_LRS",
                "write_accelerator_enabled": false
              }
            ],
            "plan": [
              {
                "name": "centos-8-stream-free",
                "product": "centos-8-stream-free",
                "publisher": "cognosys"
              }
            ],
            "priority": "Regular",
            "private_ip_address": "192.168.1.112",
            "private_ip_addresses": [
              "192.168.1.112"
            ],
            "provision_vm_agent": true,
            "proximity_placement_group_id": "",
            "public_ip_address": "20.126.60.79",
            "public_ip_addresses": [
              "20.126.60.79"
            ],
            "resource_group_name": "kubernetes_rg",
            "secret": [],
            "size": "Standard_D1_v2",
            "source_image_id": "",
            "source_image_reference": [
              {
                "offer": "centos-8-stream-free",
                "publisher": "cognosys",
                "sku": "centos-8-stream-free",
                "version": "1.2019.0810"
              }
            ],
            "tags": {
              "environment": "CP2"
            },
            "timeouts": null,
            "virtual_machine_id": "861fec76-9ec3-4b1c-bff3-d0deb4abae86",
            "virtual_machine_scale_set_id": "",
            "zone": ""
          },
          "sensitive_attributes": [],
          "private": "eyJlMmJmYjczMC1lY2FhLTExZTYtOGY4OC0zNDM2M2JjN2M0YzAiOnsiY3JlYXRlIjoyNzAwMDAwMDAwMDAwLCJkZWxldGUiOjI3MDAwMDAwMDAwMDAsInJlYWQiOjMwMDAwMDAwMDAwMCwidXBkYXRlIjoyNzAwMDAwMDAwMDAwfX0=",
          "dependencies": [
            "azurerm_network_interface.myNic",
            "azurerm_public_ip.myPublicIp",
            "azurerm_resource_group.rg",
            "azurerm_storage_account.unirmarcosaccount",
            "azurerm_subnet.mySubnet",
            "azurerm_virtual_network.myNet"
          ]
        },
        {
          "index_key": 3,
          "schema_version": 0,
          "attributes": {
            "additional_capabilities": [],
            "admin_password": null,
            "admin_ssh_key": [
              {
                "public_key": "ssh-rsa AAAAB3NzaC1yc2EAAAADAQABAAABgQC4MaHUBkY3uDjsTR1jNAWMgzh8uWAyxwfINpqGrg6sIgMJbwFI6XYfZ9zYthOQBPFfHuvl13SI6QhbPLf02o5tbViv2G2/b2NS26L7taSMsVmgqJyn6HRj74S/ESGwmVxSqcio83N02lS5VG/y04qRe7bFv8CJJsH+OZjtE7dhG2AkwwS8L6ed8fq6lpQosZpqKl6oH2S2QpXMhsuphdcNqtdkTty+7lOTMB4Dd8mDbq82E5+PNekIet/80OSe/qwwdq54h5i9zlc659DSWryz37xZTN32+ufzuKExcPCeICqA05zQTwBH70MbwJz1QOrTMwzNKahCivk5EXfvUIn6mRckQVhe+eJyXRgGmVDhCaXviRCuAx2WRwpIM9xa8IabzkZUhJymUN028yMbtsmUrzolcug2eUkENx/Rj/G75NMJyqcqWsrvAS+KLW8oNdlLEtWmkx9Rt3gy8f8tRA4GTKfhAbGNyQv9mrXb7GE5NED3cRbFAR305my+c4oUZ6E= marcosmorenotorres@MacBook-Pro-de-administrador.local\n",
                "username": "executor"
              }
            ],
            "admin_username": "executor",
            "allow_extension_operations": true,
            "availability_set_id": "",
            "boot_diagnostics": [
              {
                "storage_account_uri": "https://unirmarcosaccount.blob.core.windows.net/"
              }
            ],
            "computer_name": "terraformvm-nfs",
            "custom_data": null,
            "dedicated_host_id": "",
            "disable_password_authentication": true,
            "encryption_at_host_enabled": false,
            "eviction_policy": "",
            "extensions_time_budget": "PT1H30M",
            "id": "/subscriptions/d6514c93-7b37-4e5a-95af-8f380db81fc3/resourceGroups/kubernetes_rg/providers/Microsoft.Compute/virtualMachines/terraformvm-nfs",
            "identity": [],
            "location": "westeurope",
            "max_bid_price": -1,
            "name": "terraformvm-nfs",
            "network_interface_ids": [
              "/subscriptions/d6514c93-7b37-4e5a-95af-8f380db81fc3/resourceGroups/kubernetes_rg/providers/Microsoft.Network/networkInterfaces/nic-nfs"
            ],
            "os_disk": [
              {
                "caching": "ReadWrite",
                "diff_disk_settings": [],
                "disk_encryption_set_id": "",
                "disk_size_gb": 30,
                "name": "terraformvm-nfs_OsDisk_1_e73431d5a3314f969481092cc0f975de",
                "storage_account_type": "Standard_LRS",
                "write_accelerator_enabled": false
              }
            ],
            "plan": [
              {
                "name": "centos-8-stream-free",
                "product": "centos-8-stream-free",
                "publisher": "cognosys"
              }
            ],
            "priority": "Regular",
            "private_ip_address": "192.168.1.115",
            "private_ip_addresses": [
              "192.168.1.115"
            ],
            "provision_vm_agent": true,
            "proximity_placement_group_id": "",
            "public_ip_address": "20.126.73.198",
            "public_ip_addresses": [
              "20.126.73.198"
            ],
            "resource_group_name": "kubernetes_rg",
            "secret": [],
            "size": "Standard_D1_v2",
            "source_image_id": "",
            "source_image_reference": [
              {
                "offer": "centos-8-stream-free",
                "publisher": "cognosys",
                "sku": "centos-8-stream-free",
                "version": "1.2019.0810"
              }
            ],
            "tags": {
              "environment": "CP2"
            },
            "timeouts": null,
            "virtual_machine_id": "8513fa48-7237-4a12-ad2d-d35fa237eae0",
            "virtual_machine_scale_set_id": "",
            "zone": ""
          },
          "sensitive_attributes": [],
          "private": "eyJlMmJmYjczMC1lY2FhLTExZTYtOGY4OC0zNDM2M2JjN2M0YzAiOnsiY3JlYXRlIjoyNzAwMDAwMDAwMDAwLCJkZWxldGUiOjI3MDAwMDAwMDAwMDAsInJlYWQiOjMwMDAwMDAwMDAwMCwidXBkYXRlIjoyNzAwMDAwMDAwMDAwfX0=",
          "dependencies": [
            "azurerm_network_interface.myNic",
            "azurerm_public_ip.myPublicIp",
            "azurerm_resource_group.rg",
            "azurerm_storage_account.unirmarcosaccount",
            "azurerm_subnet.mySubnet",
            "azurerm_virtual_network.myNet"
          ]
        }
      ]
    },
    {
      "mode": "managed",
      "type": "azurerm_network_interface",
      "name": "myNic",
      "provider": "provider[\"registry.terraform.io/hashicorp/azurerm\"]",
      "instances": [
        {
          "index_key": 0,
          "schema_version": 0,
          "attributes": {
            "applied_dns_servers": [],
            "dns_servers": [],
            "enable_accelerated_networking": false,
            "enable_ip_forwarding": false,
            "id": "/subscriptions/d6514c93-7b37-4e5a-95af-8f380db81fc3/resourceGroups/kubernetes_rg/providers/Microsoft.Network/networkInterfaces/nic-kubemaster",
            "internal_dns_name_label": "",
            "internal_domain_name_suffix": "uvyud0zrsykudger5sio2ke00h.ax.internal.cloudapp.net",
            "ip_configuration": [
              {
                "name": "ipconf-kubemaster",
                "primary": true,
                "private_ip_address": "192.168.1.110",
                "private_ip_address_allocation": "Static",
                "private_ip_address_version": "IPv4",
                "public_ip_address_id": "/subscriptions/d6514c93-7b37-4e5a-95af-8f380db81fc3/resourceGroups/kubernetes_rg/providers/Microsoft.Network/publicIPAddresses/vmip-kubemaster",
                "subnet_id": "/subscriptions/d6514c93-7b37-4e5a-95af-8f380db81fc3/resourceGroups/kubernetes_rg/providers/Microsoft.Network/virtualNetworks/kubernetesnet/subnets/terraformsubnet"
              }
            ],
            "location": "westeurope",
            "mac_address": "",
            "name": "nic-kubemaster",
            "private_ip_address": "192.168.1.110",
            "private_ip_addresses": [
              "192.168.1.110"
            ],
            "resource_group_name": "kubernetes_rg",
            "tags": {
              "environment": "CP2"
            },
            "timeouts": null,
            "virtual_machine_id": ""
          },
          "sensitive_attributes": [],
          "private": "eyJlMmJmYjczMC1lY2FhLTExZTYtOGY4OC0zNDM2M2JjN2M0YzAiOnsiY3JlYXRlIjoxODAwMDAwMDAwMDAwLCJkZWxldGUiOjE4MDAwMDAwMDAwMDAsInJlYWQiOjMwMDAwMDAwMDAwMCwidXBkYXRlIjoxODAwMDAwMDAwMDAwfX0=",
          "dependencies": [
            "azurerm_public_ip.myPublicIp",
            "azurerm_resource_group.rg",
            "azurerm_subnet.mySubnet",
            "azurerm_virtual_network.myNet"
          ]
        },
        {
          "index_key": 1,
          "schema_version": 0,
          "attributes": {
            "applied_dns_servers": [],
            "dns_servers": [],
            "enable_accelerated_networking": false,
            "enable_ip_forwarding": false,
            "id": "/subscriptions/d6514c93-7b37-4e5a-95af-8f380db81fc3/resourceGroups/kubernetes_rg/providers/Microsoft.Network/networkInterfaces/nic-kubenode1",
            "internal_dns_name_label": "",
            "internal_domain_name_suffix": "uvyud0zrsykudger5sio2ke00h.ax.internal.cloudapp.net",
            "ip_configuration": [
              {
                "name": "ipconf-kubenode1",
                "primary": true,
                "private_ip_address": "192.168.1.111",
                "private_ip_address_allocation": "Static",
                "private_ip_address_version": "IPv4",
                "public_ip_address_id": "/subscriptions/d6514c93-7b37-4e5a-95af-8f380db81fc3/resourceGroups/kubernetes_rg/providers/Microsoft.Network/publicIPAddresses/vmip-kubenode1",
                "subnet_id": "/subscriptions/d6514c93-7b37-4e5a-95af-8f380db81fc3/resourceGroups/kubernetes_rg/providers/Microsoft.Network/virtualNetworks/kubernetesnet/subnets/terraformsubnet"
              }
            ],
            "location": "westeurope",
            "mac_address": "",
            "name": "nic-kubenode1",
            "private_ip_address": "192.168.1.111",
            "private_ip_addresses": [
              "192.168.1.111"
            ],
            "resource_group_name": "kubernetes_rg",
            "tags": {
              "environment": "CP2"
            },
            "timeouts": null,
            "virtual_machine_id": ""
          },
          "sensitive_attributes": [],
          "private": "eyJlMmJmYjczMC1lY2FhLTExZTYtOGY4OC0zNDM2M2JjN2M0YzAiOnsiY3JlYXRlIjoxODAwMDAwMDAwMDAwLCJkZWxldGUiOjE4MDAwMDAwMDAwMDAsInJlYWQiOjMwMDAwMDAwMDAwMCwidXBkYXRlIjoxODAwMDAwMDAwMDAwfX0=",
          "dependencies": [
            "azurerm_public_ip.myPublicIp",
            "azurerm_resource_group.rg",
            "azurerm_subnet.mySubnet",
            "azurerm_virtual_network.myNet"
          ]
        },
        {
          "index_key": 2,
          "schema_version": 0,
          "attributes": {
            "applied_dns_servers": [],
            "dns_servers": [],
            "enable_accelerated_networking": false,
            "enable_ip_forwarding": false,
            "id": "/subscriptions/d6514c93-7b37-4e5a-95af-8f380db81fc3/resourceGroups/kubernetes_rg/providers/Microsoft.Network/networkInterfaces/nic-kubenode2",
            "internal_dns_name_label": "",
            "internal_domain_name_suffix": "uvyud0zrsykudger5sio2ke00h.ax.internal.cloudapp.net",
            "ip_configuration": [
              {
                "name": "ipconf-kubenode2",
                "primary": true,
                "private_ip_address": "192.168.1.112",
                "private_ip_address_allocation": "Static",
                "private_ip_address_version": "IPv4",
                "public_ip_address_id": "/subscriptions/d6514c93-7b37-4e5a-95af-8f380db81fc3/resourceGroups/kubernetes_rg/providers/Microsoft.Network/publicIPAddresses/vmip-kubenode2",
                "subnet_id": "/subscriptions/d6514c93-7b37-4e5a-95af-8f380db81fc3/resourceGroups/kubernetes_rg/providers/Microsoft.Network/virtualNetworks/kubernetesnet/subnets/terraformsubnet"
              }
            ],
            "location": "westeurope",
            "mac_address": "",
            "name": "nic-kubenode2",
            "private_ip_address": "192.168.1.112",
            "private_ip_addresses": [
              "192.168.1.112"
            ],
            "resource_group_name": "kubernetes_rg",
            "tags": {
              "environment": "CP2"
            },
            "timeouts": null,
            "virtual_machine_id": ""
          },
          "sensitive_attributes": [],
          "private": "eyJlMmJmYjczMC1lY2FhLTExZTYtOGY4OC0zNDM2M2JjN2M0YzAiOnsiY3JlYXRlIjoxODAwMDAwMDAwMDAwLCJkZWxldGUiOjE4MDAwMDAwMDAwMDAsInJlYWQiOjMwMDAwMDAwMDAwMCwidXBkYXRlIjoxODAwMDAwMDAwMDAwfX0=",
          "dependencies": [
            "azurerm_public_ip.myPublicIp",
            "azurerm_resource_group.rg",
            "azurerm_subnet.mySubnet",
            "azurerm_virtual_network.myNet"
          ]
        },
        {
          "index_key": 3,
          "schema_version": 0,
          "attributes": {
            "applied_dns_servers": [],
            "dns_servers": [],
            "enable_accelerated_networking": false,
            "enable_ip_forwarding": false,
            "id": "/subscriptions/d6514c93-7b37-4e5a-95af-8f380db81fc3/resourceGroups/kubernetes_rg/providers/Microsoft.Network/networkInterfaces/nic-nfs",
            "internal_dns_name_label": "",
            "internal_domain_name_suffix": "uvyud0zrsykudger5sio2ke00h.ax.internal.cloudapp.net",
            "ip_configuration": [
              {
                "name": "ipconf-nfs",
                "primary": true,
                "private_ip_address": "192.168.1.115",
                "private_ip_address_allocation": "Static",
                "private_ip_address_version": "IPv4",
                "public_ip_address_id": "/subscriptions/d6514c93-7b37-4e5a-95af-8f380db81fc3/resourceGroups/kubernetes_rg/providers/Microsoft.Network/publicIPAddresses/vmip-nfs",
                "subnet_id": "/subscriptions/d6514c93-7b37-4e5a-95af-8f380db81fc3/resourceGroups/kubernetes_rg/providers/Microsoft.Network/virtualNetworks/kubernetesnet/subnets/terraformsubnet"
              }
            ],
            "location": "westeurope",
            "mac_address": "",
            "name": "nic-nfs",
            "private_ip_address": "192.168.1.115",
            "private_ip_addresses": [
              "192.168.1.115"
            ],
            "resource_group_name": "kubernetes_rg",
            "tags": {
              "environment": "CP2"
            },
            "timeouts": null,
            "virtual_machine_id": ""
          },
          "sensitive_attributes": [],
          "private": "eyJlMmJmYjczMC1lY2FhLTExZTYtOGY4OC0zNDM2M2JjN2M0YzAiOnsiY3JlYXRlIjoxODAwMDAwMDAwMDAwLCJkZWxldGUiOjE4MDAwMDAwMDAwMDAsInJlYWQiOjMwMDAwMDAwMDAwMCwidXBkYXRlIjoxODAwMDAwMDAwMDAwfX0=",
          "dependencies": [
            "azurerm_public_ip.myPublicIp",
            "azurerm_resource_group.rg",
            "azurerm_subnet.mySubnet",
            "azurerm_virtual_network.myNet"
          ]
        }
      ]
    },
    {
      "mode": "managed",
      "type": "azurerm_network_interface_security_group_association",
      "name": "mySecGroupAssociation",
      "provider": "provider[\"registry.terraform.io/hashicorp/azurerm\"]",
      "instances": [
        {
          "index_key": 0,
          "schema_version": 0,
          "attributes": {
            "id": "/subscriptions/d6514c93-7b37-4e5a-95af-8f380db81fc3/resourceGroups/kubernetes_rg/providers/Microsoft.Network/networkInterfaces/nic-kubemaster|/subscriptions/d6514c93-7b37-4e5a-95af-8f380db81fc3/resourceGroups/kubernetes_rg/providers/Microsoft.Network/networkSecurityGroups/sshtraffic-kubemaster",
            "network_interface_id": "/subscriptions/d6514c93-7b37-4e5a-95af-8f380db81fc3/resourceGroups/kubernetes_rg/providers/Microsoft.Network/networkInterfaces/nic-kubemaster",
            "network_security_group_id": "/subscriptions/d6514c93-7b37-4e5a-95af-8f380db81fc3/resourceGroups/kubernetes_rg/providers/Microsoft.Network/networkSecurityGroups/sshtraffic-kubemaster",
            "timeouts": null
          },
          "sensitive_attributes": [],
          "private": "eyJlMmJmYjczMC1lY2FhLTExZTYtOGY4OC0zNDM2M2JjN2M0YzAiOnsiY3JlYXRlIjoxODAwMDAwMDAwMDAwLCJkZWxldGUiOjE4MDAwMDAwMDAwMDAsInJlYWQiOjMwMDAwMDAwMDAwMCwidXBkYXRlIjoxODAwMDAwMDAwMDAwfX0=",
          "dependencies": [
            "azurerm_network_interface.myNic",
            "azurerm_network_security_group.mySecGroup",
            "azurerm_public_ip.myPublicIp",
            "azurerm_resource_group.rg",
            "azurerm_subnet.mySubnet",
            "azurerm_virtual_network.myNet"
          ]
        },
        {
          "index_key": 1,
          "schema_version": 0,
          "attributes": {
            "id": "/subscriptions/d6514c93-7b37-4e5a-95af-8f380db81fc3/resourceGroups/kubernetes_rg/providers/Microsoft.Network/networkInterfaces/nic-kubenode1|/subscriptions/d6514c93-7b37-4e5a-95af-8f380db81fc3/resourceGroups/kubernetes_rg/providers/Microsoft.Network/networkSecurityGroups/sshtraffic-kubenode1",
            "network_interface_id": "/subscriptions/d6514c93-7b37-4e5a-95af-8f380db81fc3/resourceGroups/kubernetes_rg/providers/Microsoft.Network/networkInterfaces/nic-kubenode1",
            "network_security_group_id": "/subscriptions/d6514c93-7b37-4e5a-95af-8f380db81fc3/resourceGroups/kubernetes_rg/providers/Microsoft.Network/networkSecurityGroups/sshtraffic-kubenode1",
            "timeouts": null
          },
          "sensitive_attributes": [],
          "private": "eyJlMmJmYjczMC1lY2FhLTExZTYtOGY4OC0zNDM2M2JjN2M0YzAiOnsiY3JlYXRlIjoxODAwMDAwMDAwMDAwLCJkZWxldGUiOjE4MDAwMDAwMDAwMDAsInJlYWQiOjMwMDAwMDAwMDAwMCwidXBkYXRlIjoxODAwMDAwMDAwMDAwfX0=",
          "dependencies": [
            "azurerm_network_interface.myNic",
            "azurerm_network_security_group.mySecGroup",
            "azurerm_public_ip.myPublicIp",
            "azurerm_resource_group.rg",
            "azurerm_subnet.mySubnet",
            "azurerm_virtual_network.myNet"
          ]
        },
        {
          "index_key": 2,
          "schema_version": 0,
          "attributes": {
            "id": "/subscriptions/d6514c93-7b37-4e5a-95af-8f380db81fc3/resourceGroups/kubernetes_rg/providers/Microsoft.Network/networkInterfaces/nic-kubenode2|/subscriptions/d6514c93-7b37-4e5a-95af-8f380db81fc3/resourceGroups/kubernetes_rg/providers/Microsoft.Network/networkSecurityGroups/sshtraffic-kubenode2",
            "network_interface_id": "/subscriptions/d6514c93-7b37-4e5a-95af-8f380db81fc3/resourceGroups/kubernetes_rg/providers/Microsoft.Network/networkInterfaces/nic-kubenode2",
            "network_security_group_id": "/subscriptions/d6514c93-7b37-4e5a-95af-8f380db81fc3/resourceGroups/kubernetes_rg/providers/Microsoft.Network/networkSecurityGroups/sshtraffic-kubenode2",
            "timeouts": null
          },
          "sensitive_attributes": [],
          "private": "eyJlMmJmYjczMC1lY2FhLTExZTYtOGY4OC0zNDM2M2JjN2M0YzAiOnsiY3JlYXRlIjoxODAwMDAwMDAwMDAwLCJkZWxldGUiOjE4MDAwMDAwMDAwMDAsInJlYWQiOjMwMDAwMDAwMDAwMCwidXBkYXRlIjoxODAwMDAwMDAwMDAwfX0=",
          "dependencies": [
            "azurerm_network_interface.myNic",
            "azurerm_network_security_group.mySecGroup",
            "azurerm_public_ip.myPublicIp",
            "azurerm_resource_group.rg",
            "azurerm_subnet.mySubnet",
            "azurerm_virtual_network.myNet"
          ]
        },
        {
          "index_key": 3,
          "schema_version": 0,
          "attributes": {
            "id": "/subscriptions/d6514c93-7b37-4e5a-95af-8f380db81fc3/resourceGroups/kubernetes_rg/providers/Microsoft.Network/networkInterfaces/nic-nfs|/subscriptions/d6514c93-7b37-4e5a-95af-8f380db81fc3/resourceGroups/kubernetes_rg/providers/Microsoft.Network/networkSecurityGroups/sshtraffic-nfs",
            "network_interface_id": "/subscriptions/d6514c93-7b37-4e5a-95af-8f380db81fc3/resourceGroups/kubernetes_rg/providers/Microsoft.Network/networkInterfaces/nic-nfs",
            "network_security_group_id": "/subscriptions/d6514c93-7b37-4e5a-95af-8f380db81fc3/resourceGroups/kubernetes_rg/providers/Microsoft.Network/networkSecurityGroups/sshtraffic-nfs",
            "timeouts": null
          },
          "sensitive_attributes": [],
          "private": "eyJlMmJmYjczMC1lY2FhLTExZTYtOGY4OC0zNDM2M2JjN2M0YzAiOnsiY3JlYXRlIjoxODAwMDAwMDAwMDAwLCJkZWxldGUiOjE4MDAwMDAwMDAwMDAsInJlYWQiOjMwMDAwMDAwMDAwMCwidXBkYXRlIjoxODAwMDAwMDAwMDAwfX0=",
          "dependencies": [
            "azurerm_network_interface.myNic",
            "azurerm_network_security_group.mySecGroup",
            "azurerm_public_ip.myPublicIp",
            "azurerm_resource_group.rg",
            "azurerm_subnet.mySubnet",
            "azurerm_virtual_network.myNet"
          ]
        }
      ]
    },
    {
      "mode": "managed",
      "type": "azurerm_network_security_group",
      "name": "mySecGroup",
      "provider": "provider[\"registry.terraform.io/hashicorp/azurerm\"]",
      "instances": [
        {
          "index_key": 0,
          "schema_version": 0,
          "attributes": {
            "id": "/subscriptions/d6514c93-7b37-4e5a-95af-8f380db81fc3/resourceGroups/kubernetes_rg/providers/Microsoft.Network/networkSecurityGroups/sshtraffic-kubemaster",
            "location": "westeurope",
            "name": "sshtraffic-kubemaster",
            "resource_group_name": "kubernetes_rg",
            "security_rule": [
              {
                "access": "Allow",
                "description": "",
                "destination_address_prefix": "*",
                "destination_address_prefixes": [],
                "destination_application_security_group_ids": [],
                "destination_port_range": "22",
                "destination_port_ranges": [],
                "direction": "Inbound",
                "name": "SSH",
                "priority": 1001,
                "protocol": "Tcp",
                "source_address_prefix": "*",
                "source_address_prefixes": [],
                "source_application_security_group_ids": [],
                "source_port_range": "*",
                "source_port_ranges": []
              }
            ],
            "tags": {
              "environment": "CP2"
            },
            "timeouts": null
          },
          "sensitive_attributes": [],
          "private": "eyJlMmJmYjczMC1lY2FhLTExZTYtOGY4OC0zNDM2M2JjN2M0YzAiOnsiY3JlYXRlIjoxODAwMDAwMDAwMDAwLCJkZWxldGUiOjE4MDAwMDAwMDAwMDAsInJlYWQiOjMwMDAwMDAwMDAwMCwidXBkYXRlIjoxODAwMDAwMDAwMDAwfX0=",
          "dependencies": [
            "azurerm_resource_group.rg"
          ]
        },
        {
          "index_key": 1,
          "schema_version": 0,
          "attributes": {
            "id": "/subscriptions/d6514c93-7b37-4e5a-95af-8f380db81fc3/resourceGroups/kubernetes_rg/providers/Microsoft.Network/networkSecurityGroups/sshtraffic-kubenode1",
            "location": "westeurope",
            "name": "sshtraffic-kubenode1",
            "resource_group_name": "kubernetes_rg",
            "security_rule": [
              {
                "access": "Allow",
                "description": "",
                "destination_address_prefix": "*",
                "destination_address_prefixes": [],
                "destination_application_security_group_ids": [],
                "destination_port_range": "22",
                "destination_port_ranges": [],
                "direction": "Inbound",
                "name": "SSH",
                "priority": 1001,
                "protocol": "Tcp",
                "source_address_prefix": "*",
                "source_address_prefixes": [],
                "source_application_security_group_ids": [],
                "source_port_range": "*",
                "source_port_ranges": []
              }
            ],
            "tags": {
              "environment": "CP2"
            },
            "timeouts": null
          },
          "sensitive_attributes": [],
          "private": "eyJlMmJmYjczMC1lY2FhLTExZTYtOGY4OC0zNDM2M2JjN2M0YzAiOnsiY3JlYXRlIjoxODAwMDAwMDAwMDAwLCJkZWxldGUiOjE4MDAwMDAwMDAwMDAsInJlYWQiOjMwMDAwMDAwMDAwMCwidXBkYXRlIjoxODAwMDAwMDAwMDAwfX0=",
          "dependencies": [
            "azurerm_resource_group.rg"
          ]
        },
        {
          "index_key": 2,
          "schema_version": 0,
          "attributes": {
            "id": "/subscriptions/d6514c93-7b37-4e5a-95af-8f380db81fc3/resourceGroups/kubernetes_rg/providers/Microsoft.Network/networkSecurityGroups/sshtraffic-kubenode2",
            "location": "westeurope",
            "name": "sshtraffic-kubenode2",
            "resource_group_name": "kubernetes_rg",
            "security_rule": [
              {
                "access": "Allow",
                "description": "",
                "destination_address_prefix": "*",
                "destination_address_prefixes": [],
                "destination_application_security_group_ids": [],
                "destination_port_range": "22",
                "destination_port_ranges": [],
                "direction": "Inbound",
                "name": "SSH",
                "priority": 1001,
                "protocol": "Tcp",
                "source_address_prefix": "*",
                "source_address_prefixes": [],
                "source_application_security_group_ids": [],
                "source_port_range": "*",
                "source_port_ranges": []
              }
            ],
            "tags": {
              "environment": "CP2"
            },
            "timeouts": null
          },
          "sensitive_attributes": [],
          "private": "eyJlMmJmYjczMC1lY2FhLTExZTYtOGY4OC0zNDM2M2JjN2M0YzAiOnsiY3JlYXRlIjoxODAwMDAwMDAwMDAwLCJkZWxldGUiOjE4MDAwMDAwMDAwMDAsInJlYWQiOjMwMDAwMDAwMDAwMCwidXBkYXRlIjoxODAwMDAwMDAwMDAwfX0=",
          "dependencies": [
            "azurerm_resource_group.rg"
          ]
        },
        {
          "index_key": 3,
          "schema_version": 0,
          "attributes": {
            "id": "/subscriptions/d6514c93-7b37-4e5a-95af-8f380db81fc3/resourceGroups/kubernetes_rg/providers/Microsoft.Network/networkSecurityGroups/sshtraffic-nfs",
            "location": "westeurope",
            "name": "sshtraffic-nfs",
            "resource_group_name": "kubernetes_rg",
            "security_rule": [
              {
                "access": "Allow",
                "description": "",
                "destination_address_prefix": "*",
                "destination_address_prefixes": [],
                "destination_application_security_group_ids": [],
                "destination_port_range": "22",
                "destination_port_ranges": [],
                "direction": "Inbound",
                "name": "SSH",
                "priority": 1001,
                "protocol": "Tcp",
                "source_address_prefix": "*",
                "source_address_prefixes": [],
                "source_application_security_group_ids": [],
                "source_port_range": "*",
                "source_port_ranges": []
              }
            ],
            "tags": {
              "environment": "CP2"
            },
            "timeouts": null
          },
          "sensitive_attributes": [],
          "private": "eyJlMmJmYjczMC1lY2FhLTExZTYtOGY4OC0zNDM2M2JjN2M0YzAiOnsiY3JlYXRlIjoxODAwMDAwMDAwMDAwLCJkZWxldGUiOjE4MDAwMDAwMDAwMDAsInJlYWQiOjMwMDAwMDAwMDAwMCwidXBkYXRlIjoxODAwMDAwMDAwMDAwfX0=",
          "dependencies": [
            "azurerm_resource_group.rg"
          ]
        }
      ]
    },
    {
      "mode": "managed",
      "type": "azurerm_public_ip",
      "name": "myPublicIp",
      "provider": "provider[\"registry.terraform.io/hashicorp/azurerm\"]",
      "instances": [
        {
          "index_key": 0,
          "schema_version": 0,
          "attributes": {
            "allocation_method": "Dynamic",
            "domain_name_label": null,
            "fqdn": null,
            "id": "/subscriptions/d6514c93-7b37-4e5a-95af-8f380db81fc3/resourceGroups/kubernetes_rg/providers/Microsoft.Network/publicIPAddresses/vmip-kubemaster",
            "idle_timeout_in_minutes": 4,
            "ip_address": "",
            "ip_version": "IPv4",
            "location": "westeurope",
            "name": "vmip-kubemaster",
            "public_ip_prefix_id": null,
            "resource_group_name": "kubernetes_rg",
            "reverse_fqdn": null,
            "sku": "Basic",
            "tags": {
              "environment": "CP2"
            },
            "timeouts": null,
            "zones": null
          },
          "sensitive_attributes": [],
          "private": "eyJlMmJmYjczMC1lY2FhLTExZTYtOGY4OC0zNDM2M2JjN2M0YzAiOnsiY3JlYXRlIjoxODAwMDAwMDAwMDAwLCJkZWxldGUiOjE4MDAwMDAwMDAwMDAsInJlYWQiOjMwMDAwMDAwMDAwMCwidXBkYXRlIjoxODAwMDAwMDAwMDAwfX0=",
          "dependencies": [
            "azurerm_resource_group.rg"
          ]
        },
        {
          "index_key": 1,
          "schema_version": 0,
          "attributes": {
            "allocation_method": "Dynamic",
            "domain_name_label": null,
            "fqdn": null,
            "id": "/subscriptions/d6514c93-7b37-4e5a-95af-8f380db81fc3/resourceGroups/kubernetes_rg/providers/Microsoft.Network/publicIPAddresses/vmip-kubenode1",
            "idle_timeout_in_minutes": 4,
            "ip_address": "",
            "ip_version": "IPv4",
            "location": "westeurope",
            "name": "vmip-kubenode1",
            "public_ip_prefix_id": null,
            "resource_group_name": "kubernetes_rg",
            "reverse_fqdn": null,
            "sku": "Basic",
            "tags": {
              "environment": "CP2"
            },
            "timeouts": null,
            "zones": null
          },
          "sensitive_attributes": [],
          "private": "eyJlMmJmYjczMC1lY2FhLTExZTYtOGY4OC0zNDM2M2JjN2M0YzAiOnsiY3JlYXRlIjoxODAwMDAwMDAwMDAwLCJkZWxldGUiOjE4MDAwMDAwMDAwMDAsInJlYWQiOjMwMDAwMDAwMDAwMCwidXBkYXRlIjoxODAwMDAwMDAwMDAwfX0=",
          "dependencies": [
            "azurerm_resource_group.rg"
          ]
        },
        {
          "index_key": 2,
          "schema_version": 0,
          "attributes": {
            "allocation_method": "Dynamic",
            "domain_name_label": null,
            "fqdn": null,
            "id": "/subscriptions/d6514c93-7b37-4e5a-95af-8f380db81fc3/resourceGroups/kubernetes_rg/providers/Microsoft.Network/publicIPAddresses/vmip-kubenode2",
            "idle_timeout_in_minutes": 4,
            "ip_address": "",
            "ip_version": "IPv4",
            "location": "westeurope",
            "name": "vmip-kubenode2",
            "public_ip_prefix_id": null,
            "resource_group_name": "kubernetes_rg",
            "reverse_fqdn": null,
            "sku": "Basic",
            "tags": {
              "environment": "CP2"
            },
            "timeouts": null,
            "zones": null
          },
          "sensitive_attributes": [],
          "private": "eyJlMmJmYjczMC1lY2FhLTExZTYtOGY4OC0zNDM2M2JjN2M0YzAiOnsiY3JlYXRlIjoxODAwMDAwMDAwMDAwLCJkZWxldGUiOjE4MDAwMDAwMDAwMDAsInJlYWQiOjMwMDAwMDAwMDAwMCwidXBkYXRlIjoxODAwMDAwMDAwMDAwfX0=",
          "dependencies": [
            "azurerm_resource_group.rg"
          ]
        },
        {
          "index_key": 3,
          "schema_version": 0,
          "attributes": {
            "allocation_method": "Dynamic",
            "domain_name_label": null,
            "fqdn": null,
            "id": "/subscriptions/d6514c93-7b37-4e5a-95af-8f380db81fc3/resourceGroups/kubernetes_rg/providers/Microsoft.Network/publicIPAddresses/vmip-nfs",
            "idle_timeout_in_minutes": 4,
            "ip_address": "",
            "ip_version": "IPv4",
            "location": "westeurope",
            "name": "vmip-nfs",
            "public_ip_prefix_id": null,
            "resource_group_name": "kubernetes_rg",
            "reverse_fqdn": null,
            "sku": "Basic",
            "tags": {
              "environment": "CP2"
            },
            "timeouts": null,
            "zones": null
          },
          "sensitive_attributes": [],
          "private": "eyJlMmJmYjczMC1lY2FhLTExZTYtOGY4OC0zNDM2M2JjN2M0YzAiOnsiY3JlYXRlIjoxODAwMDAwMDAwMDAwLCJkZWxldGUiOjE4MDAwMDAwMDAwMDAsInJlYWQiOjMwMDAwMDAwMDAwMCwidXBkYXRlIjoxODAwMDAwMDAwMDAwfX0=",
          "dependencies": [
            "azurerm_resource_group.rg"
          ]
        }
      ]
    },
    {
      "mode": "managed",
      "type": "azurerm_resource_group",
      "name": "rg",
      "provider": "provider[\"registry.terraform.io/hashicorp/azurerm\"]",
      "instances": [
        {
          "schema_version": 0,
          "attributes": {
            "id": "/subscriptions/d6514c93-7b37-4e5a-95af-8f380db81fc3/resourceGroups/kubernetes_rg",
            "location": "westeurope",
            "name": "kubernetes_rg",
            "tags": {
              "environment": "CP2"
            },
            "timeouts": null
          },
          "sensitive_attributes": [],
          "private": "eyJlMmJmYjczMC1lY2FhLTExZTYtOGY4OC0zNDM2M2JjN2M0YzAiOnsiY3JlYXRlIjo1NDAwMDAwMDAwMDAwLCJkZWxldGUiOjU0MDAwMDAwMDAwMDAsInJlYWQiOjMwMDAwMDAwMDAwMCwidXBkYXRlIjo1NDAwMDAwMDAwMDAwfX0="
        }
      ]
    },
    {
      "mode": "managed",
      "type": "azurerm_storage_account",
      "name": "unirmarcosaccount",
      "provider": "provider[\"registry.terraform.io/hashicorp/azurerm\"]",
      "instances": [
        {
          "schema_version": 2,
          "attributes": {
            "access_tier": "Hot",
            "account_kind": "StorageV2",
            "account_replication_type": "LRS",
            "account_tier": "Standard",
            "allow_blob_public_access": false,
            "blob_properties": [],
            "custom_domain": [],
            "enable_https_traffic_only": true,
            "id": "/subscriptions/d6514c93-7b37-4e5a-95af-8f380db81fc3/resourceGroups/kubernetes_rg/providers/Microsoft.Storage/storageAccounts/unirmarcosaccount",
            "identity": [],
            "is_hns_enabled": false,
            "large_file_share_enabled": null,
            "location": "westeurope",
            "min_tls_version": "TLS1_0",
            "name": "unirmarcosaccount",
            "network_rules": [
              {
                "bypass": [
                  "AzureServices"
                ],
                "default_action": "Allow",
                "ip_rules": [],
                "virtual_network_subnet_ids": []
              }
            ],
            "primary_access_key": "5y3BvzN3ts9f7gbO0lIhU5jpc4qy9Zyy58YTRWXLkgOdgTM4le+l5nxT24zu3xnhesMpvGYOy2SGSbD8g/1ylA==",
            "primary_blob_connection_string": "DefaultEndpointsProtocol=https;BlobEndpoint=https://unirmarcosaccount.blob.core.windows.net/;AccountName=unirmarcosaccount;AccountKey=5y3BvzN3ts9f7gbO0lIhU5jpc4qy9Zyy58YTRWXLkgOdgTM4le+l5nxT24zu3xnhesMpvGYOy2SGSbD8g/1ylA==",
            "primary_blob_endpoint": "https://unirmarcosaccount.blob.core.windows.net/",
            "primary_blob_host": "unirmarcosaccount.blob.core.windows.net",
            "primary_connection_string": "DefaultEndpointsProtocol=https;AccountName=unirmarcosaccount;AccountKey=5y3BvzN3ts9f7gbO0lIhU5jpc4qy9Zyy58YTRWXLkgOdgTM4le+l5nxT24zu3xnhesMpvGYOy2SGSbD8g/1ylA==;EndpointSuffix=core.windows.net",
            "primary_dfs_endpoint": "https://unirmarcosaccount.dfs.core.windows.net/",
            "primary_dfs_host": "unirmarcosaccount.dfs.core.windows.net",
            "primary_file_endpoint": "https://unirmarcosaccount.file.core.windows.net/",
            "primary_file_host": "unirmarcosaccount.file.core.windows.net",
            "primary_location": "westeurope",
            "primary_queue_endpoint": "https://unirmarcosaccount.queue.core.windows.net/",
            "primary_queue_host": "unirmarcosaccount.queue.core.windows.net",
            "primary_table_endpoint": "https://unirmarcosaccount.table.core.windows.net/",
            "primary_table_host": "unirmarcosaccount.table.core.windows.net",
            "primary_web_endpoint": "https://unirmarcosaccount.z6.web.core.windows.net/",
            "primary_web_host": "unirmarcosaccount.z6.web.core.windows.net",
            "queue_properties": [
              {
                "cors_rule": [],
                "hour_metrics": [
                  {
                    "enabled": true,
                    "include_apis": true,
                    "retention_policy_days": 7,
                    "version": "1.0"
                  }
                ],
                "logging": [
                  {
                    "delete": false,
                    "read": false,
                    "retention_policy_days": 0,
                    "version": "1.0",
                    "write": false
                  }
                ],
                "minute_metrics": [
                  {
                    "enabled": false,
                    "include_apis": false,
                    "retention_policy_days": 0,
                    "version": "1.0"
                  }
                ]
              }
            ],
            "resource_group_name": "kubernetes_rg",
            "secondary_access_key": "A9QVWoMovLnXXmtssgB+Mb6Z4lUdTA5VSUuG0WUz9UgQ6AisvihUFhyLqAY5zEOvaYoQVhwQI+WP6XWIS3fEsg==",
            "secondary_blob_connection_string": "",
            "secondary_blob_endpoint": null,
            "secondary_blob_host": null,
            "secondary_connection_string": "DefaultEndpointsProtocol=https;AccountName=unirmarcosaccount;AccountKey=A9QVWoMovLnXXmtssgB+Mb6Z4lUdTA5VSUuG0WUz9UgQ6AisvihUFhyLqAY5zEOvaYoQVhwQI+WP6XWIS3fEsg==;EndpointSuffix=core.windows.net",
            "secondary_dfs_endpoint": null,
            "secondary_dfs_host": null,
            "secondary_file_endpoint": null,
            "secondary_file_host": null,
            "secondary_location": "",
            "secondary_queue_endpoint": null,
            "secondary_queue_host": null,
            "secondary_table_endpoint": null,
            "secondary_table_host": null,
            "secondary_web_endpoint": null,
            "secondary_web_host": null,
            "static_website": [],
            "tags": {
              "environment": "CP2"
            },
            "timeouts": null
          },
          "sensitive_attributes": [],
          "private": "eyJlMmJmYjczMC1lY2FhLTExZTYtOGY4OC0zNDM2M2JjN2M0YzAiOnsiY3JlYXRlIjozNjAwMDAwMDAwMDAwLCJkZWxldGUiOjM2MDAwMDAwMDAwMDAsInJlYWQiOjMwMDAwMDAwMDAwMCwidXBkYXRlIjozNjAwMDAwMDAwMDAwfSwic2NoZW1hX3ZlcnNpb24iOiIyIn0=",
          "dependencies": [
            "azurerm_resource_group.rg"
          ]
        }
      ]
    },
    {
      "mode": "managed",
      "type": "azurerm_subnet",
      "name": "mySubnet",
      "provider": "provider[\"registry.terraform.io/hashicorp/azurerm\"]",
      "instances": [
        {
          "schema_version": 0,
          "attributes": {
            "address_prefix": "192.168.1.0/24",
            "address_prefixes": [
              "192.168.1.0/24"
            ],
            "delegation": [],
            "enforce_private_link_endpoint_network_policies": false,
            "enforce_private_link_service_network_policies": false,
            "id": "/subscriptions/d6514c93-7b37-4e5a-95af-8f380db81fc3/resourceGroups/kubernetes_rg/providers/Microsoft.Network/virtualNetworks/kubernetesnet/subnets/terraformsubnet",
            "name": "terraformsubnet",
            "resource_group_name": "kubernetes_rg",
            "service_endpoint_policy_ids": null,
            "service_endpoints": null,
            "timeouts": null,
            "virtual_network_name": "kubernetesnet"
          },
          "sensitive_attributes": [],
          "private": "eyJlMmJmYjczMC1lY2FhLTExZTYtOGY4OC0zNDM2M2JjN2M0YzAiOnsiY3JlYXRlIjoxODAwMDAwMDAwMDAwLCJkZWxldGUiOjE4MDAwMDAwMDAwMDAsInJlYWQiOjMwMDAwMDAwMDAwMCwidXBkYXRlIjoxODAwMDAwMDAwMDAwfX0=",
          "dependencies": [
            "azurerm_resource_group.rg",
            "azurerm_virtual_network.myNet"
          ]
        }
      ]
    },
    {
      "mode": "managed",
      "type": "azurerm_virtual_network",
      "name": "myNet",
      "provider": "provider[\"registry.terraform.io/hashicorp/azurerm\"]",
      "instances": [
        {
          "schema_version": 0,
          "attributes": {
            "address_space": [
              "192.168.0.0/16"
            ],
            "bgp_community": "",
            "ddos_protection_plan": [],
            "dns_servers": null,
            "guid": "eb4171a5-9631-4115-9891-fc90ee289ad7",
            "id": "/subscriptions/d6514c93-7b37-4e5a-95af-8f380db81fc3/resourceGroups/kubernetes_rg/providers/Microsoft.Network/virtualNetworks/kubernetesnet",
            "location": "westeurope",
            "name": "kubernetesnet",
            "resource_group_name": "kubernetes_rg",
            "subnet": [],
            "tags": {
              "environment": "CP2"
            },
            "timeouts": null,
            "vm_protection_enabled": false
          },
          "sensitive_attributes": [],
          "private": "eyJlMmJmYjczMC1lY2FhLTExZTYtOGY4OC0zNDM2M2JjN2M0YzAiOnsiY3JlYXRlIjoxODAwMDAwMDAwMDAwLCJkZWxldGUiOjE4MDAwMDAwMDAwMDAsInJlYWQiOjMwMDAwMDAwMDAwMCwidXBkYXRlIjoxODAwMDAwMDAwMDAwfX0=",
          "dependencies": [
            "azurerm_resource_group.rg"
          ]
        }
      ]
    }
  ]
}
